
Microsoft Visual Studio Solution File, Format Version 11.00
# Visual Studio 2010
Project("{E24C65DC-7377-472B-9ABA-BC803B73C61A}") = "Homework", ".", "{29209C89-B703-48E3-B88A-CF6801BDA07C}"
	ProjectSection(WebsiteProperties) = preProject
		TargetFrameworkMoniker = ".NETFramework,Version%3Dv4.0"
		Debug.AspNetCompiler.VirtualPath = "/Homework"
		Debug.AspNetCompiler.PhysicalPath = "..\Homework\"
		Debug.AspNetCompiler.TargetPath = "PrecompiledWeb\Homework\"
		Debug.AspNetCompiler.Updateable = "true"
		Debug.AspNetCompiler.ForceOverwrite = "true"
		Debug.AspNetCompiler.FixedNames = "false"
		Debug.AspNetCompiler.Debug = "True"
		Release.AspNetCompiler.VirtualPath = "/Homework"
		Release.AspNetCompiler.PhysicalPath = "..\Homework\"
		Release.AspNetCompiler.TargetPath = "PrecompiledWeb\Homework\"
		Release.AspNetCompiler.Updateable = "true"
		Release.AspNetCompiler.ForceOverwrite = "true"
		Release.AspNetCompiler.FixedNames = "false"
		Release.AspNetCompiler.Debug = "False"
		VWDPort = "4323"
	EndProjectSection
EndProject
Project("{2150E333-8FDC-42A3-9474-1A3956D46DE8}") = "Solution Items", "Solution Items", "{83D485A1-0243-432F-A91E-0799682C044D}"
	ProjectSection(SolutionItems) = preProject
		..\task1.css = ..\task1.css
	EndProjectSection
EndProject
Global
	GlobalSection(SolutionConfigurationPlatforms) = preSolution
		Debug|Any CPU = Debug|Any CPU
	EndGlobalSection
	GlobalSection(ProjectConfigurationPlatforms) = postSolution
		{29209C89-B703-48E3-B88A-CF6801BDA07C}.Debug|Any CPU.ActiveCfg = Debug|Any CPU
		{29209C89-B703-48E3-B88A-CF6801BDA07C}.Debug|Any CPU.Build.0 = Debug|Any CPU
	EndGlobalSection
	GlobalSection(SolutionProperties) = preSolution
		HideSolutionNode = FALSE
	EndGlobalSection
EndGlobal
